
Microsoft Visual Studio Solution File, Format Version 12.00
# Visual Studio Version 17
VisualStudioVersion = 17.14.36401.2 d17.14
MinimumVisualStudioVersion = 10.0.40219.1
Project("{FAE04EC0-301F-11D3-BF4B-00C04F79EFBC}") = "lab02", "lab02\lab02.csproj", "{F9481A30-BC11-4F3D-921E-7E5002509EAF}"
EndProject
Global
	GlobalSection(SolutionConfigurationPlatforms) = preSolution
		Debug|Any CPU = Debug|Any CPU
		Release|Any CPU = Release|Any CPU
	EndGlobalSection
	GlobalSection(ProjectConfigurationPlatforms) = postSolution
		{F9481A30-BC11-4F3D-921E-7E5002509EAF}.Debug|Any CPU.ActiveCfg = Debug|Any CPU
		{F9481A30-BC11-4F3D-921E-7E5002509EAF}.Debug|Any CPU.Build.0 = Debug|Any CPU
		{F9481A30-BC11-4F3D-921E-7E5002509EAF}.Release|Any CPU.ActiveCfg = Release|Any CPU
		{F9481A30-BC11-4F3D-921E-7E5002509EAF}.Release|Any CPU.Build.0 = Release|Any CPU
	EndGlobalSection
	GlobalSection(SolutionProperties) = preSolution
		HideSolutionNode = FALSE
	EndGlobalSection
	GlobalSection(ExtensibilityGlobals) = postSolution
		SolutionGuid = {B198753A-590E-4ABC-A5D7-A2D82E774B93}
	EndGlobalSection
EndGlobal
