
Microsoft Visual Studio Solution File, Format Version 12.00
# Visual Studio Version 17
VisualStudioVersion = 17.14.36401.2 d17.14
MinimumVisualStudioVersion = 10.0.40219.1
Project("{FAE04EC0-301F-11D3-BF4B-00C04F79EFBC}") = "lab9-databasefirst", "lab9-databasefirst\lab9-databasefirst.csproj", "{4EA06CA9-4B76-4530-8E9C-FA3825217EC9}"
EndProject
Global
	GlobalSection(SolutionConfigurationPlatforms) = preSolution
		Debug|Any CPU = Debug|Any CPU
		Release|Any CPU = Release|Any CPU
	EndGlobalSection
	GlobalSection(ProjectConfigurationPlatforms) = postSolution
		{4EA06CA9-4B76-4530-8E9C-FA3825217EC9}.Debug|Any CPU.ActiveCfg = Debug|Any CPU
		{4EA06CA9-4B76-4530-8E9C-FA3825217EC9}.Debug|Any CPU.Build.0 = Debug|Any CPU
		{4EA06CA9-4B76-4530-8E9C-FA3825217EC9}.Release|Any CPU.ActiveCfg = Release|Any CPU
		{4EA06CA9-4B76-4530-8E9C-FA3825217EC9}.Release|Any CPU.Build.0 = Release|Any CPU
	EndGlobalSection
	GlobalSection(SolutionProperties) = preSolution
		HideSolutionNode = FALSE
	EndGlobalSection
	GlobalSection(ExtensibilityGlobals) = postSolution
		SolutionGuid = {76E050F2-58A9-4E60-9A6C-48A36A429597}
	EndGlobalSection
EndGlobal
